
Microsoft Visual Studio Solution File, Format Version 12.00
# Visual Studio Version 17
VisualStudioVersion = 17.9.34723.18
MinimumVisualStudioVersion = 10.0.40219.1
Project("{9A19103F-16F7-4668-BE54-9A1E7A4F7556}") = "ATDS.API", "ATDS.API\ATDS.API.csproj", "{F02664B9-5E8A-4A47-ACA1-634AD89DE6E9}"
EndProject
Project("{9A19103F-16F7-4668-BE54-9A1E7A4F7556}") = "ATDS.DataAccess", "ATDS.DataAccess\ATDS.DataAccess.csproj", "{0B67D349-635E-4A50-9084-49444B3C6011}"
EndProject
Project("{9A19103F-16F7-4668-BE54-9A1E7A4F7556}") = "ATDS.Common", "ATDS.Common\ATDS.Common.csproj", "{8F82B96C-A193-499E-A352-8C948B083A92}"
EndProject
Project("{9A19103F-16F7-4668-BE54-9A1E7A4F7556}") = "ATDS.Business", "ATDS.Business\ATDS.Business.csproj", "{07DDDC02-051A-41D6-80F5-E92422963E60}"
EndProject
Project("{778DAE3C-4631-46EA-AA77-85C1314464D9}") = "ATDS.Win.App", "ATDS.Win.App\ATDS.Win.App.vbproj", "{8224DF0F-0EFC-47D5-9E3C-10DFF413BB4E}"
EndProject
Project("{2150E333-8FDC-42A3-9474-1A3956D46DE8}") = "ATDS.Win.Library", "ATDS.Win.Library", "{EEC35E02-BBBE-432E-B303-D06CDCEC9D34}"
EndProject
Project("{9A19103F-16F7-4668-BE54-9A1E7A4F7556}") = "ATDS.UI.Control", "ATDS.Win.Library\ATDS.UI.Control\ATDS.UI.Control.csproj", "{53A1881E-84B3-4079-B907-B65DFD8C8589}"
EndProject
Project("{9A19103F-16F7-4668-BE54-9A1E7A4F7556}") = "ATDS.AppAdmin", "ATDS.Win.Library\AppAdmin\ATDS.AppAdmin.csproj", "{E22D68B4-1774-4C2E-9CE3-18301B9E90F9}"
EndProject
Global
	GlobalSection(SolutionConfigurationPlatforms) = preSolution
		Debug|Any CPU = Debug|Any CPU
		Release|Any CPU = Release|Any CPU
	EndGlobalSection
	GlobalSection(ProjectConfigurationPlatforms) = postSolution
		{F02664B9-5E8A-4A47-ACA1-634AD89DE6E9}.Debug|Any CPU.ActiveCfg = Debug|Any CPU
		{F02664B9-5E8A-4A47-ACA1-634AD89DE6E9}.Debug|Any CPU.Build.0 = Debug|Any CPU
		{F02664B9-5E8A-4A47-ACA1-634AD89DE6E9}.Release|Any CPU.ActiveCfg = Release|Any CPU
		{F02664B9-5E8A-4A47-ACA1-634AD89DE6E9}.Release|Any CPU.Build.0 = Release|Any CPU
		{0B67D349-635E-4A50-9084-49444B3C6011}.Debug|Any CPU.ActiveCfg = Debug|Any CPU
		{0B67D349-635E-4A50-9084-49444B3C6011}.Debug|Any CPU.Build.0 = Debug|Any CPU
		{0B67D349-635E-4A50-9084-49444B3C6011}.Release|Any CPU.ActiveCfg = Release|Any CPU
		{0B67D349-635E-4A50-9084-49444B3C6011}.Release|Any CPU.Build.0 = Release|Any CPU
		{8F82B96C-A193-499E-A352-8C948B083A92}.Debug|Any CPU.ActiveCfg = Debug|Any CPU
		{8F82B96C-A193-499E-A352-8C948B083A92}.Debug|Any CPU.Build.0 = Debug|Any CPU
		{8F82B96C-A193-499E-A352-8C948B083A92}.Release|Any CPU.ActiveCfg = Release|Any CPU
		{8F82B96C-A193-499E-A352-8C948B083A92}.Release|Any CPU.Build.0 = Release|Any CPU
		{07DDDC02-051A-41D6-80F5-E92422963E60}.Debug|Any CPU.ActiveCfg = Debug|Any CPU
		{07DDDC02-051A-41D6-80F5-E92422963E60}.Debug|Any CPU.Build.0 = Debug|Any CPU
		{07DDDC02-051A-41D6-80F5-E92422963E60}.Release|Any CPU.ActiveCfg = Release|Any CPU
		{07DDDC02-051A-41D6-80F5-E92422963E60}.Release|Any CPU.Build.0 = Release|Any CPU
		{8224DF0F-0EFC-47D5-9E3C-10DFF413BB4E}.Debug|Any CPU.ActiveCfg = Debug|Any CPU
		{8224DF0F-0EFC-47D5-9E3C-10DFF413BB4E}.Debug|Any CPU.Build.0 = Debug|Any CPU
		{8224DF0F-0EFC-47D5-9E3C-10DFF413BB4E}.Release|Any CPU.ActiveCfg = Release|Any CPU
		{8224DF0F-0EFC-47D5-9E3C-10DFF413BB4E}.Release|Any CPU.Build.0 = Release|Any CPU
		{53A1881E-84B3-4079-B907-B65DFD8C8589}.Debug|Any CPU.ActiveCfg = Debug|Any CPU
		{53A1881E-84B3-4079-B907-B65DFD8C8589}.Debug|Any CPU.Build.0 = Debug|Any CPU
		{53A1881E-84B3-4079-B907-B65DFD8C8589}.Release|Any CPU.ActiveCfg = Release|Any CPU
		{53A1881E-84B3-4079-B907-B65DFD8C8589}.Release|Any CPU.Build.0 = Release|Any CPU
		{E22D68B4-1774-4C2E-9CE3-18301B9E90F9}.Debug|Any CPU.ActiveCfg = Debug|Any CPU
		{E22D68B4-1774-4C2E-9CE3-18301B9E90F9}.Debug|Any CPU.Build.0 = Debug|Any CPU
		{E22D68B4-1774-4C2E-9CE3-18301B9E90F9}.Release|Any CPU.ActiveCfg = Release|Any CPU
		{E22D68B4-1774-4C2E-9CE3-18301B9E90F9}.Release|Any CPU.Build.0 = Release|Any CPU
	EndGlobalSection
	GlobalSection(SolutionProperties) = preSolution
		HideSolutionNode = FALSE
	EndGlobalSection
	GlobalSection(NestedProjects) = preSolution
		{53A1881E-84B3-4079-B907-B65DFD8C8589} = {EEC35E02-BBBE-432E-B303-D06CDCEC9D34}
		{E22D68B4-1774-4C2E-9CE3-18301B9E90F9} = {EEC35E02-BBBE-432E-B303-D06CDCEC9D34}
	EndGlobalSection
	GlobalSection(ExtensibilityGlobals) = postSolution
		SolutionGuid = {7DC23DF8-06EF-4C27-8DBF-085F23A8128C}
	EndGlobalSection
EndGlobal
