
Microsoft Visual Studio Solution File, Format Version 12.00
# Visual Studio 15
VisualStudioVersion = 15.0.28307.1169
MinimumVisualStudioVersion = 10.0.40219.1
Project("{F184B08F-C81C-45F6-A57F-5ABD9991F28F}") = "MKOra.Core", "MKOra.Core\MKOra.Core.vbproj", "{52905816-F9C0-4BAB-B4CC-B9CE05D5EAA2}"
EndProject
Project("{F184B08F-C81C-45F6-A57F-5ABD9991F28F}") = "MKOra.Test", "MKOra.Test\MKOra.Test.vbproj", "{329E693D-A23C-439F-A462-E75E0C1660CE}"
EndProject
Project("{F184B08F-C81C-45F6-A57F-5ABD9991F28F}") = "MKOra.Settings", "MKOra.Settings\MKOra.Settings.vbproj", "{64641A32-556B-4A87-A626-ECCC32544928}"
EndProject
Global
	GlobalSection(SolutionConfigurationPlatforms) = preSolution
		Debug|Any CPU = Debug|Any CPU
		Debug|x64 = Debug|x64
		Debug|x86 = Debug|x86
		Release|Any CPU = Release|Any CPU
		Release|x64 = Release|x64
		Release|x86 = Release|x86
	EndGlobalSection
	GlobalSection(ProjectConfigurationPlatforms) = postSolution
		{52905816-F9C0-4BAB-B4CC-B9CE05D5EAA2}.Debug|Any CPU.ActiveCfg = Debug|Any CPU
		{52905816-F9C0-4BAB-B4CC-B9CE05D5EAA2}.Debug|Any CPU.Build.0 = Debug|Any CPU
		{52905816-F9C0-4BAB-B4CC-B9CE05D5EAA2}.Debug|x64.ActiveCfg = Debug|Any CPU
		{52905816-F9C0-4BAB-B4CC-B9CE05D5EAA2}.Debug|x64.Build.0 = Debug|Any CPU
		{52905816-F9C0-4BAB-B4CC-B9CE05D5EAA2}.Debug|x86.ActiveCfg = Debug|Any CPU
		{52905816-F9C0-4BAB-B4CC-B9CE05D5EAA2}.Debug|x86.Build.0 = Debug|Any CPU
		{52905816-F9C0-4BAB-B4CC-B9CE05D5EAA2}.Release|Any CPU.ActiveCfg = Release|Any CPU
		{52905816-F9C0-4BAB-B4CC-B9CE05D5EAA2}.Release|Any CPU.Build.0 = Release|Any CPU
		{52905816-F9C0-4BAB-B4CC-B9CE05D5EAA2}.Release|x64.ActiveCfg = Release|Any CPU
		{52905816-F9C0-4BAB-B4CC-B9CE05D5EAA2}.Release|x64.Build.0 = Release|Any CPU
		{52905816-F9C0-4BAB-B4CC-B9CE05D5EAA2}.Release|x86.ActiveCfg = Release|Any CPU
		{52905816-F9C0-4BAB-B4CC-B9CE05D5EAA2}.Release|x86.Build.0 = Release|Any CPU
		{329E693D-A23C-439F-A462-E75E0C1660CE}.Debug|Any CPU.ActiveCfg = Debug|Any CPU
		{329E693D-A23C-439F-A462-E75E0C1660CE}.Debug|Any CPU.Build.0 = Debug|Any CPU
		{329E693D-A23C-439F-A462-E75E0C1660CE}.Debug|x64.ActiveCfg = Debug|Any CPU
		{329E693D-A23C-439F-A462-E75E0C1660CE}.Debug|x64.Build.0 = Debug|Any CPU
		{329E693D-A23C-439F-A462-E75E0C1660CE}.Debug|x86.ActiveCfg = Debug|Any CPU
		{329E693D-A23C-439F-A462-E75E0C1660CE}.Debug|x86.Build.0 = Debug|Any CPU
		{329E693D-A23C-439F-A462-E75E0C1660CE}.Release|Any CPU.ActiveCfg = Release|Any CPU
		{329E693D-A23C-439F-A462-E75E0C1660CE}.Release|Any CPU.Build.0 = Release|Any CPU
		{329E693D-A23C-439F-A462-E75E0C1660CE}.Release|x64.ActiveCfg = Release|Any CPU
		{329E693D-A23C-439F-A462-E75E0C1660CE}.Release|x64.Build.0 = Release|Any CPU
		{329E693D-A23C-439F-A462-E75E0C1660CE}.Release|x86.ActiveCfg = Release|Any CPU
		{329E693D-A23C-439F-A462-E75E0C1660CE}.Release|x86.Build.0 = Release|Any CPU
		{64641A32-556B-4A87-A626-ECCC32544928}.Debug|Any CPU.ActiveCfg = Debug|Any CPU
		{64641A32-556B-4A87-A626-ECCC32544928}.Debug|Any CPU.Build.0 = Debug|Any CPU
		{64641A32-556B-4A87-A626-ECCC32544928}.Debug|x64.ActiveCfg = Debug|Any CPU
		{64641A32-556B-4A87-A626-ECCC32544928}.Debug|x64.Build.0 = Debug|Any CPU
		{64641A32-556B-4A87-A626-ECCC32544928}.Debug|x86.ActiveCfg = Debug|Any CPU
		{64641A32-556B-4A87-A626-ECCC32544928}.Debug|x86.Build.0 = Debug|Any CPU
		{64641A32-556B-4A87-A626-ECCC32544928}.Release|Any CPU.ActiveCfg = Release|Any CPU
		{64641A32-556B-4A87-A626-ECCC32544928}.Release|Any CPU.Build.0 = Release|Any CPU
		{64641A32-556B-4A87-A626-ECCC32544928}.Release|x64.ActiveCfg = Release|Any CPU
		{64641A32-556B-4A87-A626-ECCC32544928}.Release|x64.Build.0 = Release|Any CPU
		{64641A32-556B-4A87-A626-ECCC32544928}.Release|x86.ActiveCfg = Release|Any CPU
		{64641A32-556B-4A87-A626-ECCC32544928}.Release|x86.Build.0 = Release|Any CPU
	EndGlobalSection
	GlobalSection(SolutionProperties) = preSolution
		HideSolutionNode = FALSE
	EndGlobalSection
	GlobalSection(ExtensibilityGlobals) = postSolution
		SolutionGuid = {DF0E9CBE-48B2-4271-B2C1-DF25AC56B8AF}
	EndGlobalSection
EndGlobal
